// !$*UTF8*$!
{
	archiveVersion = 1;
	classes = {
	};
	objectVersion = 55;
	objects = {

/* Begin PBXBuildFile section */
		B038D50C28799689005072C3 /* CollectionViewTVC.swift in Sources */ = {isa = PBXBuildFile; fileRef = B038D50B28799689005072C3 /* CollectionViewTVC.swift */; };
		B038D50E2879A064005072C3 /* HeroImageView.swift in Sources */ = {isa = PBXBuildFile; fileRef = B038D50D2879A064005072C3 /* HeroImageView.swift */; };
		B038D5102879B83B005072C3 /* NetworkManager.swift in Sources */ = {isa = PBXBuildFile; fileRef = B038D50F2879B83B005072C3 /* NetworkManager.swift */; };
		B038D512287C634C005072C3 /* Show.swift in Sources */ = {isa = PBXBuildFile; fileRef = B038D511287C634C005072C3 /* Show.swift */; };
		B038D514287C679C005072C3 /* Extensions.swift in Sources */ = {isa = PBXBuildFile; fileRef = B038D513287C679C005072C3 /* Extensions.swift */; };
		B038D518287C701C005072C3 /* ShowCVC.swift in Sources */ = {isa = PBXBuildFile; fileRef = B038D517287C701C005072C3 /* ShowCVC.swift */; };
		B038D51B287C727E005072C3 /* SDWebImage in Frameworks */ = {isa = PBXBuildFile; productRef = B038D51A287C727E005072C3 /* SDWebImage */; };
		B038D51D287C727E005072C3 /* SDWebImageMapKit in Frameworks */ = {isa = PBXBuildFile; productRef = B038D51C287C727E005072C3 /* SDWebImageMapKit */; };
		B038D51F287C83BF005072C3 /* ShowTVC.swift in Sources */ = {isa = PBXBuildFile; fileRef = B038D51E287C83BF005072C3 /* ShowTVC.swift */; };
		B038D521287C98FD005072C3 /* SearchResultsVC.swift in Sources */ = {isa = PBXBuildFile; fileRef = B038D520287C98FD005072C3 /* SearchResultsVC.swift */; };
		B038D523287D76F5005072C3 /* YoutubeVideo.swift in Sources */ = {isa = PBXBuildFile; fileRef = B038D522287D76F5005072C3 /* YoutubeVideo.swift */; };
		B038D525287D7BEB005072C3 /* ShowPreviewVC.swift in Sources */ = {isa = PBXBuildFile; fileRef = B038D524287D7BEB005072C3 /* ShowPreviewVC.swift */; };
		B056C1DD283CCD3B00E3E4C6 /* AppDelegate.swift in Sources */ = {isa = PBXBuildFile; fileRef = B056C1DC283CCD3B00E3E4C6 /* AppDelegate.swift */; };
		B056C1DF283CCD3B00E3E4C6 /* SceneDelegate.swift in Sources */ = {isa = PBXBuildFile; fileRef = B056C1DE283CCD3B00E3E4C6 /* SceneDelegate.swift */; };
		B056C1E1283CCD3B00E3E4C6 /* MainTabBarVC.swift in Sources */ = {isa = PBXBuildFile; fileRef = B056C1E0283CCD3B00E3E4C6 /* MainTabBarVC.swift */; };
		B056C1E6283CCD3C00E3E4C6 /* Assets.xcassets in Resources */ = {isa = PBXBuildFile; fileRef = B056C1E5283CCD3C00E3E4C6 /* Assets.xcassets */; };
		B056C1E9283CCD3C00E3E4C6 /* LaunchScreen.storyboard in Resources */ = {isa = PBXBuildFile; fileRef = B056C1E7283CCD3C00E3E4C6 /* LaunchScreen.storyboard */; };
		B056C1F4283CCD3C00E3E4C6 /* NetflixifyTests.swift in Sources */ = {isa = PBXBuildFile; fileRef = B056C1F3283CCD3C00E3E4C6 /* NetflixifyTests.swift */; };
		B056C1FE283CCD3C00E3E4C6 /* NetflixifyUITests.swift in Sources */ = {isa = PBXBuildFile; fileRef = B056C1FD283CCD3C00E3E4C6 /* NetflixifyUITests.swift */; };
		B056C200283CCD3C00E3E4C6 /* NetflixifyUITestsLaunchTests.swift in Sources */ = {isa = PBXBuildFile; fileRef = B056C1FF283CCD3C00E3E4C6 /* NetflixifyUITestsLaunchTests.swift */; };
		B09A8693283CD6A2002A7B6B /* HomeVC.swift in Sources */ = {isa = PBXBuildFile; fileRef = B09A8692283CD6A2002A7B6B /* HomeVC.swift */; };
		B09A8695283CD6C3002A7B6B /* ComingSoonVC.swift in Sources */ = {isa = PBXBuildFile; fileRef = B09A8694283CD6C3002A7B6B /* ComingSoonVC.swift */; };
		B09A8697283CD6DE002A7B6B /* TopSearchesVC.swift in Sources */ = {isa = PBXBuildFile; fileRef = B09A8696283CD6DE002A7B6B /* TopSearchesVC.swift */; };
		B09A8699283CD6EC002A7B6B /* DownloadsVC.swift in Sources */ = {isa = PBXBuildFile; fileRef = B09A8698283CD6EC002A7B6B /* DownloadsVC.swift */; };
/* End PBXBuildFile section */

/* Begin PBXContainerItemProxy section */
		B056C1F0283CCD3C00E3E4C6 /* PBXContainerItemProxy */ = {
			isa = PBXContainerItemProxy;
			containerPortal = B056C1D1283CCD3B00E3E4C6 /* Project object */;
			proxyType = 1;
			remoteGlobalIDString = B056C1D8283CCD3B00E3E4C6;
			remoteInfo = Netflixify;
		};
		B056C1FA283CCD3C00E3E4C6 /* PBXContainerItemProxy */ = {
			isa = PBXContainerItemProxy;
			containerPortal = B056C1D1283CCD3B00E3E4C6 /* Project object */;
			proxyType = 1;
			remoteGlobalIDString = B056C1D8283CCD3B00E3E4C6;
			remoteInfo = Netflixify;
		};
/* End PBXContainerItemProxy section */

/* Begin PBXFileReference section */
		B038D50B28799689005072C3 /* CollectionViewTVC.swift */ = {isa = PBXFileReference; lastKnownFileType = sourcecode.swift; path = CollectionViewTVC.swift; sourceTree = "<group>"; };
		B038D50D2879A064005072C3 /* HeroImageView.swift */ = {isa = PBXFileReference; lastKnownFileType = sourcecode.swift; path = HeroImageView.swift; sourceTree = "<group>"; };
		B038D50F2879B83B005072C3 /* NetworkManager.swift */ = {isa = PBXFileReference; lastKnownFileType = sourcecode.swift; path = NetworkManager.swift; sourceTree = "<group>"; };
		B038D511287C634C005072C3 /* Show.swift */ = {isa = PBXFileReference; lastKnownFileType = sourcecode.swift; path = Show.swift; sourceTree = "<group>"; };
		B038D513287C679C005072C3 /* Extensions.swift */ = {isa = PBXFileReference; lastKnownFileType = sourcecode.swift; path = Extensions.swift; sourceTree = "<group>"; };
		B038D517287C701C005072C3 /* ShowCVC.swift */ = {isa = PBXFileReference; lastKnownFileType = sourcecode.swift; path = ShowCVC.swift; sourceTree = "<group>"; };
		B038D51E287C83BF005072C3 /* ShowTVC.swift */ = {isa = PBXFileReference; lastKnownFileType = sourcecode.swift; path = ShowTVC.swift; sourceTree = "<group>"; };
		B038D520287C98FD005072C3 /* SearchResultsVC.swift */ = {isa = PBXFileReference; lastKnownFileType = sourcecode.swift; path = SearchResultsVC.swift; sourceTree = "<group>"; };
		B038D522287D76F5005072C3 /* YoutubeVideo.swift */ = {isa = PBXFileReference; lastKnownFileType = sourcecode.swift; path = YoutubeVideo.swift; sourceTree = "<group>"; };
		B038D524287D7BEB005072C3 /* ShowPreviewVC.swift */ = {isa = PBXFileReference; lastKnownFileType = sourcecode.swift; path = ShowPreviewVC.swift; sourceTree = "<group>"; };
		B056C1D9283CCD3B00E3E4C6 /* Netflixify.app */ = {isa = PBXFileReference; explicitFileType = wrapper.application; includeInIndex = 0; path = Netflixify.app; sourceTree = BUILT_PRODUCTS_DIR; };
		B056C1DC283CCD3B00E3E4C6 /* AppDelegate.swift */ = {isa = PBXFileReference; lastKnownFileType = sourcecode.swift; path = AppDelegate.swift; sourceTree = "<group>"; };
		B056C1DE283CCD3B00E3E4C6 /* SceneDelegate.swift */ = {isa = PBXFileReference; lastKnownFileType = sourcecode.swift; path = SceneDelegate.swift; sourceTree = "<group>"; };
		B056C1E0283CCD3B00E3E4C6 /* MainTabBarVC.swift */ = {isa = PBXFileReference; lastKnownFileType = sourcecode.swift; path = MainTabBarVC.swift; sourceTree = "<group>"; };
		B056C1E5283CCD3C00E3E4C6 /* Assets.xcassets */ = {isa = PBXFileReference; lastKnownFileType = folder.assetcatalog; path = Assets.xcassets; sourceTree = "<group>"; };
		B056C1E8283CCD3C00E3E4C6 /* Base */ = {isa = PBXFileReference; lastKnownFileType = file.storyboard; name = Base; path = Base.lproj/LaunchScreen.storyboard; sourceTree = "<group>"; };
		B056C1EA283CCD3C00E3E4C6 /* Info.plist */ = {isa = PBXFileReference; lastKnownFileType = text.plist.xml; path = Info.plist; sourceTree = "<group>"; };
		B056C1EF283CCD3C00E3E4C6 /* NetflixifyTests.xctest */ = {isa = PBXFileReference; explicitFileType = wrapper.cfbundle; includeInIndex = 0; path = NetflixifyTests.xctest; sourceTree = BUILT_PRODUCTS_DIR; };
		B056C1F3283CCD3C00E3E4C6 /* NetflixifyTests.swift */ = {isa = PBXFileReference; lastKnownFileType = sourcecode.swift; path = NetflixifyTests.swift; sourceTree = "<group>"; };
		B056C1F9283CCD3C00E3E4C6 /* NetflixifyUITests.xctest */ = {isa = PBXFileReference; explicitFileType = wrapper.cfbundle; includeInIndex = 0; path = NetflixifyUITests.xctest; sourceTree = BUILT_PRODUCTS_DIR; };
		B056C1FD283CCD3C00E3E4C6 /* NetflixifyUITests.swift */ = {isa = PBXFileReference; lastKnownFileType = sourcecode.swift; path = NetflixifyUITests.swift; sourceTree = "<group>"; };
		B056C1FF283CCD3C00E3E4C6 /* NetflixifyUITestsLaunchTests.swift */ = {isa = PBXFileReference; lastKnownFileType = sourcecode.swift; path = NetflixifyUITestsLaunchTests.swift; sourceTree = "<group>"; };
		B09A8692283CD6A2002A7B6B /* HomeVC.swift */ = {isa = PBXFileReference; lastKnownFileType = sourcecode.swift; path = HomeVC.swift; sourceTree = "<group>"; };
		B09A8694283CD6C3002A7B6B /* ComingSoonVC.swift */ = {isa = PBXFileReference; lastKnownFileType = sourcecode.swift; path = ComingSoonVC.swift; sourceTree = "<group>"; };
		B09A8696283CD6DE002A7B6B /* TopSearchesVC.swift */ = {isa = PBXFileReference; lastKnownFileType = sourcecode.swift; path = TopSearchesVC.swift; sourceTree = "<group>"; };
		B09A8698283CD6EC002A7B6B /* DownloadsVC.swift */ = {isa = PBXFileReference; lastKnownFileType = sourcecode.swift; path = DownloadsVC.swift; sourceTree = "<group>"; };
/* End PBXFileReference section */

/* Begin PBXFrameworksBuildPhase section */
		B056C1D6283CCD3B00E3E4C6 /* Frameworks */ = {
			isa = PBXFrameworksBuildPhase;
			buildActionMask = 2147483647;
			files = (
				B038D51D287C727E005072C3 /* SDWebImageMapKit in Frameworks */,
				B038D51B287C727E005072C3 /* SDWebImage in Frameworks */,
			);
			runOnlyForDeploymentPostprocessing = 0;
		};
		B056C1EC283CCD3C00E3E4C6 /* Frameworks */ = {
			isa = PBXFrameworksBuildPhase;
			buildActionMask = 2147483647;
			files = (
			);
			runOnlyForDeploymentPostprocessing = 0;
		};
		B056C1F6283CCD3C00E3E4C6 /* Frameworks */ = {
			isa = PBXFrameworksBuildPhase;
			buildActionMask = 2147483647;
			files = (
			);
			runOnlyForDeploymentPostprocessing = 0;
		};
/* End PBXFrameworksBuildPhase section */

/* Begin PBXGroup section */
		B038D509287992F8005072C3 /* Resources */ = {
			isa = PBXGroup;
			children = (
				B038D513287C679C005072C3 /* Extensions.swift */,
			);
			path = Resources;
			sourceTree = "<group>";
		};
		B038D50A28799302005072C3 /* Managers */ = {
			isa = PBXGroup;
			children = (
				B038D50F2879B83B005072C3 /* NetworkManager.swift */,
			);
			path = Managers;
			sourceTree = "<group>";
		};
		B056C1D0283CCD3B00E3E4C6 = {
			isa = PBXGroup;
			children = (
				B056C1DB283CCD3B00E3E4C6 /* Netflixify */,
				B056C1F2283CCD3C00E3E4C6 /* NetflixifyTests */,
				B056C1FC283CCD3C00E3E4C6 /* NetflixifyUITests */,
				B056C1DA283CCD3B00E3E4C6 /* Products */,
			);
			sourceTree = "<group>";
		};
		B056C1DA283CCD3B00E3E4C6 /* Products */ = {
			isa = PBXGroup;
			children = (
				B056C1D9283CCD3B00E3E4C6 /* Netflixify.app */,
				B056C1EF283CCD3C00E3E4C6 /* NetflixifyTests.xctest */,
				B056C1F9283CCD3C00E3E4C6 /* NetflixifyUITests.xctest */,
			);
			name = Products;
			sourceTree = "<group>";
		};
		B056C1DB283CCD3B00E3E4C6 /* Netflixify */ = {
			isa = PBXGroup;
			children = (
				B09A868E283CD65E002A7B6B /* Models */,
				B09A8690283CD66E002A7B6B /* Views */,
				B09A8691283CD683002A7B6B /* Controllers */,
				B038D50A28799302005072C3 /* Managers */,
				B038D509287992F8005072C3 /* Resources */,
				B056C1DC283CCD3B00E3E4C6 /* AppDelegate.swift */,
				B056C1DE283CCD3B00E3E4C6 /* SceneDelegate.swift */,
				B056C1E0283CCD3B00E3E4C6 /* MainTabBarVC.swift */,
				B056C1E5283CCD3C00E3E4C6 /* Assets.xcassets */,
				B056C1E7283CCD3C00E3E4C6 /* LaunchScreen.storyboard */,
				B056C1EA283CCD3C00E3E4C6 /* Info.plist */,
			);
			path = Netflixify;
			sourceTree = "<group>";
		};
		B056C1F2283CCD3C00E3E4C6 /* NetflixifyTests */ = {
			isa = PBXGroup;
			children = (
				B056C1F3283CCD3C00E3E4C6 /* NetflixifyTests.swift */,
			);
			path = NetflixifyTests;
			sourceTree = "<group>";
		};
		B056C1FC283CCD3C00E3E4C6 /* NetflixifyUITests */ = {
			isa = PBXGroup;
			children = (
				B056C1FD283CCD3C00E3E4C6 /* NetflixifyUITests.swift */,
				B056C1FF283CCD3C00E3E4C6 /* NetflixifyUITestsLaunchTests.swift */,
			);
			path = NetflixifyUITests;
			sourceTree = "<group>";
		};
		B09A868E283CD65E002A7B6B /* Models */ = {
			isa = PBXGroup;
			children = (
				B038D511287C634C005072C3 /* Show.swift */,
				B038D522287D76F5005072C3 /* YoutubeVideo.swift */,
			);
			path = Models;
			sourceTree = "<group>";
		};
		B09A8690283CD66E002A7B6B /* Views */ = {
			isa = PBXGroup;
			children = (
				B038D50B28799689005072C3 /* CollectionViewTVC.swift */,
				B038D50D2879A064005072C3 /* HeroImageView.swift */,
				B038D517287C701C005072C3 /* ShowCVC.swift */,
				B038D51E287C83BF005072C3 /* ShowTVC.swift */,
			);
			path = Views;
			sourceTree = "<group>";
		};
		B09A8691283CD683002A7B6B /* Controllers */ = {
			isa = PBXGroup;
			children = (
				B09A8692283CD6A2002A7B6B /* HomeVC.swift */,
				B09A8694283CD6C3002A7B6B /* ComingSoonVC.swift */,
				B09A8696283CD6DE002A7B6B /* TopSearchesVC.swift */,
				B09A8698283CD6EC002A7B6B /* DownloadsVC.swift */,
				B038D520287C98FD005072C3 /* SearchResultsVC.swift */,
				B038D524287D7BEB005072C3 /* ShowPreviewVC.swift */,
			);
			path = Controllers;
			sourceTree = "<group>";
		};
/* End PBXGroup section */

/* Begin PBXNativeTarget section */
		B056C1D8283CCD3B00E3E4C6 /* Netflixify */ = {
			isa = PBXNativeTarget;
			buildConfigurationList = B056C203283CCD3C00E3E4C6 /* Build configuration list for PBXNativeTarget "Netflixify" */;
			buildPhases = (
				B056C1D5283CCD3B00E3E4C6 /* Sources */,
				B056C1D6283CCD3B00E3E4C6 /* Frameworks */,
				B056C1D7283CCD3B00E3E4C6 /* Resources */,
			);
			buildRules = (
			);
			dependencies = (
			);
			name = Netflixify;
			packageProductDependencies = (
				B038D51A287C727E005072C3 /* SDWebImage */,
				B038D51C287C727E005072C3 /* SDWebImageMapKit */,
			);
			productName = Netflixify;
			productReference = B056C1D9283CCD3B00E3E4C6 /* Netflixify.app */;
			productType = "com.apple.product-type.application";
		};
		B056C1EE283CCD3C00E3E4C6 /* NetflixifyTests */ = {
			isa = PBXNativeTarget;
			buildConfigurationList = B056C206283CCD3C00E3E4C6 /* Build configuration list for PBXNativeTarget "NetflixifyTests" */;
			buildPhases = (
				B056C1EB283CCD3C00E3E4C6 /* Sources */,
				B056C1EC283CCD3C00E3E4C6 /* Frameworks */,
				B056C1ED283CCD3C00E3E4C6 /* Resources */,
			);
			buildRules = (
			);
			dependencies = (
				B056C1F1283CCD3C00E3E4C6 /* PBXTargetDependency */,
			);
			name = NetflixifyTests;
			productName = NetflixifyTests;
			productReference = B056C1EF283CCD3C00E3E4C6 /* NetflixifyTests.xctest */;
			productType = "com.apple.product-type.bundle.unit-test";
		};
		B056C1F8283CCD3C00E3E4C6 /* NetflixifyUITests */ = {
			isa = PBXNativeTarget;
			buildConfigurationList = B056C209283CCD3C00E3E4C6 /* Build configuration list for PBXNativeTarget "NetflixifyUITests" */;
			buildPhases = (
				B056C1F5283CCD3C00E3E4C6 /* Sources */,
				B056C1F6283CCD3C00E3E4C6 /* Frameworks */,
				B056C1F7283CCD3C00E3E4C6 /* Resources */,
			);
			buildRules = (
			);
			dependencies = (
				B056C1FB283CCD3C00E3E4C6 /* PBXTargetDependency */,
			);
			name = NetflixifyUITests;
			productName = NetflixifyUITests;
			productReference = B056C1F9283CCD3C00E3E4C6 /* NetflixifyUITests.xctest */;
			productType = "com.apple.product-type.bundle.ui-testing";
		};
/* End PBXNativeTarget section */

/* Begin PBXProject section */
		B056C1D1283CCD3B00E3E4C6 /* Project object */ = {
			isa = PBXProject;
			attributes = {
				BuildIndependentTargetsInParallel = 1;
				LastSwiftUpdateCheck = 1340;
				LastUpgradeCheck = 1340;
				TargetAttributes = {
					B056C1D8283CCD3B00E3E4C6 = {
						CreatedOnToolsVersion = 13.4;
					};
					B056C1EE283CCD3C00E3E4C6 = {
						CreatedOnToolsVersion = 13.4;
						TestTargetID = B056C1D8283CCD3B00E3E4C6;
					};
					B056C1F8283CCD3C00E3E4C6 = {
						CreatedOnToolsVersion = 13.4;
						TestTargetID = B056C1D8283CCD3B00E3E4C6;
					};
				};
			};
			buildConfigurationList = B056C1D4283CCD3B00E3E4C6 /* Build configuration list for PBXProject "Netflixify" */;
			compatibilityVersion = "Xcode 13.0";
			developmentRegion = en;
			hasScannedForEncodings = 0;
			knownRegions = (
				en,
				Base,
			);
			mainGroup = B056C1D0283CCD3B00E3E4C6;
			packageReferences = (
				B038D519287C727E005072C3 /* XCRemoteSwiftPackageReference "SDWebImage" */,
			);
			productRefGroup = B056C1DA283CCD3B00E3E4C6 /* Products */;
			projectDirPath = "";
			projectRoot = "";
			targets = (
				B056C1D8283CCD3B00E3E4C6 /* Netflixify */,
				B056C1EE283CCD3C00E3E4C6 /* NetflixifyTests */,
				B056C1F8283CCD3C00E3E4C6 /* NetflixifyUITests */,
			);
		};
/* End PBXProject section */

/* Begin PBXResourcesBuildPhase section */
		B056C1D7283CCD3B00E3E4C6 /* Resources */ = {
			isa = PBXResourcesBuildPhase;
			buildActionMask = 2147483647;
			files = (
				B056C1E9283CCD3C00E3E4C6 /* LaunchScreen.storyboard in Resources */,
				B056C1E6283CCD3C00E3E4C6 /* Assets.xcassets in Resources */,
			);
			runOnlyForDeploymentPostprocessing = 0;
		};
		B056C1ED283CCD3C00E3E4C6 /* Resources */ = {
			isa = PBXResourcesBuildPhase;
			buildActionMask = 2147483647;
			files = (
			);
			runOnlyForDeploymentPostprocessing = 0;
		};
		B056C1F7283CCD3C00E3E4C6 /* Resources */ = {
			isa = PBXResourcesBuildPhase;
			buildActionMask = 2147483647;
			files = (
			);
			runOnlyForDeploymentPostprocessing = 0;
		};
/* End PBXResourcesBuildPhase section */

/* Begin PBXSourcesBuildPhase section */
		B056C1D5283CCD3B00E3E4C6 /* Sources */ = {
			isa = PBXSourcesBuildPhase;
			buildActionMask = 2147483647;
			files = (
				B09A8697283CD6DE002A7B6B /* TopSearchesVC.swift in Sources */,
				B038D523287D76F5005072C3 /* YoutubeVideo.swift in Sources */,
				B056C1E1283CCD3B00E3E4C6 /* MainTabBarVC.swift in Sources */,
				B038D5102879B83B005072C3 /* NetworkManager.swift in Sources */,
				B09A8695283CD6C3002A7B6B /* ComingSoonVC.swift in Sources */,
				B038D525287D7BEB005072C3 /* ShowPreviewVC.swift in Sources */,
				B09A8693283CD6A2002A7B6B /* HomeVC.swift in Sources */,
				B09A8699283CD6EC002A7B6B /* DownloadsVC.swift in Sources */,
				B056C1DD283CCD3B00E3E4C6 /* AppDelegate.swift in Sources */,
				B038D514287C679C005072C3 /* Extensions.swift in Sources */,
				B038D518287C701C005072C3 /* ShowCVC.swift in Sources */,
				B038D50C28799689005072C3 /* CollectionViewTVC.swift in Sources */,
				B056C1DF283CCD3B00E3E4C6 /* SceneDelegate.swift in Sources */,
				B038D512287C634C005072C3 /* Show.swift in Sources */,
				B038D521287C98FD005072C3 /* SearchResultsVC.swift in Sources */,
				B038D51F287C83BF005072C3 /* ShowTVC.swift in Sources */,
				B038D50E2879A064005072C3 /* HeroImageView.swift in Sources */,
			);
			runOnlyForDeploymentPostprocessing = 0;
		};
		B056C1EB283CCD3C00E3E4C6 /* Sources */ = {
			isa = PBXSourcesBuildPhase;
			buildActionMask = 2147483647;
			files = (
				B056C1F4283CCD3C00E3E4C6 /* NetflixifyTests.swift in Sources */,
			);
			runOnlyForDeploymentPostprocessing = 0;
		};
		B056C1F5283CCD3C00E3E4C6 /* Sources */ = {
			isa = PBXSourcesBuildPhase;
			buildActionMask = 2147483647;
			files = (
				B056C200283CCD3C00E3E4C6 /* NetflixifyUITestsLaunchTests.swift in Sources */,
				B056C1FE283CCD3C00E3E4C6 /* NetflixifyUITests.swift in Sources */,
			);
			runOnlyForDeploymentPostprocessing = 0;
		};
/* End PBXSourcesBuildPhase section */

/* Begin PBXTargetDependency section */
		B056C1F1283CCD3C00E3E4C6 /* PBXTargetDependency */ = {
			isa = PBXTargetDependency;
			target = B056C1D8283CCD3B00E3E4C6 /* Netflixify */;
			targetProxy = B056C1F0283CCD3C00E3E4C6 /* PBXContainerItemProxy */;
		};
		B056C1FB283CCD3C00E3E4C6 /* PBXTargetDependency */ = {
			isa = PBXTargetDependency;
			target = B056C1D8283CCD3B00E3E4C6 /* Netflixify */;
			targetProxy = B056C1FA283CCD3C00E3E4C6 /* PBXContainerItemProxy */;
		};
/* End PBXTargetDependency section */

/* Begin PBXVariantGroup section */
		B056C1E7283CCD3C00E3E4C6 /* LaunchScreen.storyboard */ = {
			isa = PBXVariantGroup;
			children = (
				B056C1E8283CCD3C00E3E4C6 /* Base */,
			);
			name = LaunchScreen.storyboard;
			sourceTree = "<group>";
		};
/* End PBXVariantGroup section */

/* Begin XCBuildConfiguration section */
		B056C201283CCD3C00E3E4C6 /* Debug */ = {
			isa = XCBuildConfiguration;
			buildSettings = {
				ALWAYS_SEARCH_USER_PATHS = NO;
				CLANG_ANALYZER_NONNULL = YES;
				CLANG_ANALYZER_NUMBER_OBJECT_CONVERSION = YES_AGGRESSIVE;
				CLANG_CXX_LANGUAGE_STANDARD = "gnu++17";
				CLANG_ENABLE_MODULES = YES;
				CLANG_ENABLE_OBJC_ARC = YES;
				CLANG_ENABLE_OBJC_WEAK = YES;
				CLANG_WARN_BLOCK_CAPTURE_AUTORELEASING = YES;
				CLANG_WARN_BOOL_CONVERSION = YES;
				CLANG_WARN_COMMA = YES;
				CLANG_WARN_CONSTANT_CONVERSION = YES;
				CLANG_WARN_DEPRECATED_OBJC_IMPLEMENTATIONS = YES;
				CLANG_WARN_DIRECT_OBJC_ISA_USAGE = YES_ERROR;
				CLANG_WARN_DOCUMENTATION_COMMENTS = YES;
				CLANG_WARN_EMPTY_BODY = YES;
				CLANG_WARN_ENUM_CONVERSION = YES;
				CLANG_WARN_INFINITE_RECURSION = YES;
				CLANG_WARN_INT_CONVERSION = YES;
				CLANG_WARN_NON_LITERAL_NULL_CONVERSION = YES;
				CLANG_WARN_OBJC_IMPLICIT_RETAIN_SELF = YES;
				CLANG_WARN_OBJC_LITERAL_CONVERSION = YES;
				CLANG_WARN_OBJC_ROOT_CLASS = YES_ERROR;
				CLANG_WARN_QUOTED_INCLUDE_IN_FRAMEWORK_HEADER = YES;
				CLANG_WARN_RANGE_LOOP_ANALYSIS = YES;
				CLANG_WARN_STRICT_PROTOTYPES = YES;
				CLANG_WARN_SUSPICIOUS_MOVE = YES;
				CLANG_WARN_UNGUARDED_AVAILABILITY = YES_AGGRESSIVE;
				CLANG_WARN_UNREACHABLE_CODE = YES;
				CLANG_WARN__DUPLICATE_METHOD_MATCH = YES;
				COPY_PHASE_STRIP = NO;
				DEBUG_INFORMATION_FORMAT = dwarf;
				ENABLE_STRICT_OBJC_MSGSEND = YES;
				ENABLE_TESTABILITY = YES;
				GCC_C_LANGUAGE_STANDARD = gnu11;
				GCC_DYNAMIC_NO_PIC = NO;
				GCC_NO_COMMON_BLOCKS = YES;
				GCC_OPTIMIZATION_LEVEL = 0;
				GCC_PREPROCESSOR_DEFINITIONS = (
					"DEBUG=1",
					"$(inherited)",
				);
				GCC_WARN_64_TO_32_BIT_CONVERSION = YES;
				GCC_WARN_ABOUT_RETURN_TYPE = YES_ERROR;
				GCC_WARN_UNDECLARED_SELECTOR = YES;
				GCC_WARN_UNINITIALIZED_AUTOS = YES_AGGRESSIVE;
				GCC_WARN_UNUSED_FUNCTION = YES;
				GCC_WARN_UNUSED_VARIABLE = YES;
				IPHONEOS_DEPLOYMENT_TARGET = 15.5;
				MTL_ENABLE_DEBUG_INFO = INCLUDE_SOURCE;
				MTL_FAST_MATH = YES;
				ONLY_ACTIVE_ARCH = YES;
				SDKROOT = iphoneos;
				SWIFT_ACTIVE_COMPILATION_CONDITIONS = DEBUG;
				SWIFT_OPTIMIZATION_LEVEL = "-Onone";
			};
			name = Debug;
		};
		B056C202283CCD3C00E3E4C6 /* Release */ = {
			isa = XCBuildConfiguration;
			buildSettings = {
				ALWAYS_SEARCH_USER_PATHS = NO;
				CLANG_ANALYZER_NONNULL = YES;
				CLANG_ANALYZER_NUMBER_OBJECT_CONVERSION = YES_AGGRESSIVE;
				CLANG_CXX_LANGUAGE_STANDARD = "gnu++17";
				CLANG_ENABLE_MODULES = YES;
				CLANG_ENABLE_OBJC_ARC = YES;
				CLANG_ENABLE_OBJC_WEAK = YES;
				CLANG_WARN_BLOCK_CAPTURE_AUTORELEASING = YES;
				CLANG_WARN_BOOL_CONVERSION = YES;
				CLANG_WARN_COMMA = YES;
				CLANG_WARN_CONSTANT_CONVERSION = YES;
				CLANG_WARN_DEPRECATED_OBJC_IMPLEMENTATIONS = YES;
				CLANG_WARN_DIRECT_OBJC_ISA_USAGE = YES_ERROR;
				CLANG_WARN_DOCUMENTATION_COMMENTS = YES;
				CLANG_WARN_EMPTY_BODY = YES;
				CLANG_WARN_ENUM_CONVERSION = YES;
				CLANG_WARN_INFINITE_RECURSION = YES;
				CLANG_WARN_INT_CONVERSION = YES;
				CLANG_WARN_NON_LITERAL_NULL_CONVERSION = YES;
				CLANG_WARN_OBJC_IMPLICIT_RETAIN_SELF = YES;
				CLANG_WARN_OBJC_LITERAL_CONVERSION = YES;
				CLANG_WARN_OBJC_ROOT_CLASS = YES_ERROR;
				CLANG_WARN_QUOTED_INCLUDE_IN_FRAMEWORK_HEADER = YES;
				CLANG_WARN_RANGE_LOOP_ANALYSIS = YES;
				CLANG_WARN_STRICT_PROTOTYPES = YES;
				CLANG_WARN_SUSPICIOUS_MOVE = YES;
				CLANG_WARN_UNGUARDED_AVAILABILITY = YES_AGGRESSIVE;
				CLANG_WARN_UNREACHABLE_CODE = YES;
				CLANG_WARN__DUPLICATE_METHOD_MATCH = YES;
				COPY_PHASE_STRIP = NO;
				DEBUG_INFORMATION_FORMAT = "dwarf-with-dsym";
				ENABLE_NS_ASSERTIONS = NO;
				ENABLE_STRICT_OBJC_MSGSEND = YES;
				GCC_C_LANGUAGE_STANDARD = gnu11;
				GCC_NO_COMMON_BLOCKS = YES;
				GCC_WARN_64_TO_32_BIT_CONVERSION = YES;
				GCC_WARN_ABOUT_RETURN_TYPE = YES_ERROR;
				GCC_WARN_UNDECLARED_SELECTOR = YES;
				GCC_WARN_UNINITIALIZED_AUTOS = YES_AGGRESSIVE;
				GCC_WARN_UNUSED_FUNCTION = YES;
				GCC_WARN_UNUSED_VARIABLE = YES;
				IPHONEOS_DEPLOYMENT_TARGET = 15.5;
				MTL_ENABLE_DEBUG_INFO = NO;
				MTL_FAST_MATH = YES;
				SDKROOT = iphoneos;
				SWIFT_COMPILATION_MODE = wholemodule;
				SWIFT_OPTIMIZATION_LEVEL = "-O";
				VALIDATE_PRODUCT = YES;
			};
			name = Release;
		};
		B056C204283CCD3C00E3E4C6 /* Debug */ = {
			isa = XCBuildConfiguration;
			buildSettings = {
				ASSETCATALOG_COMPILER_APPICON_NAME = AppIcon;
				ASSETCATALOG_COMPILER_GLOBAL_ACCENT_COLOR_NAME = AccentColor;
				CODE_SIGN_STYLE = Automatic;
				CURRENT_PROJECT_VERSION = 1;
				DEVELOPMENT_TEAM = D35DBJP2M6;
				GENERATE_INFOPLIST_FILE = YES;
				INFOPLIST_FILE = Netflixify/Info.plist;
				INFOPLIST_KEY_UIApplicationSupportsIndirectInputEvents = YES;
				INFOPLIST_KEY_UILaunchStoryboardName = LaunchScreen;
				INFOPLIST_KEY_UISupportedInterfaceOrientations_iPad = "UIInterfaceOrientationPortrait UIInterfaceOrientationPortraitUpsideDown UIInterfaceOrientationLandscapeLeft UIInterfaceOrientationLandscapeRight";
				INFOPLIST_KEY_UISupportedInterfaceOrientations_iPhone = "UIInterfaceOrientationPortrait UIInterfaceOrientationLandscapeLeft UIInterfaceOrientationLandscapeRight";
				LD_RUNPATH_SEARCH_PATHS = (
					"$(inherited)",
					"@executable_path/Frameworks",
				);
				MARKETING_VERSION = 1.0;
				PRODUCT_BUNDLE_IDENTIFIER = com.Nwachuks.Netflixify;
				PRODUCT_NAME = "$(TARGET_NAME)";
				SWIFT_EMIT_LOC_STRINGS = YES;
				SWIFT_VERSION = 5.0;
				TARGETED_DEVICE_FAMILY = 1;
			};
			name = Debug;
		};
		B056C205283CCD3C00E3E4C6 /* Release */ = {
			isa = XCBuildConfiguration;
			buildSettings = {
				ASSETCATALOG_COMPILER_APPICON_NAME = AppIcon;
				ASSETCATALOG_COMPILER_GLOBAL_ACCENT_COLOR_NAME = AccentColor;
				CODE_SIGN_STYLE = Automatic;
				CURRENT_PROJECT_VERSION = 1;
				DEVELOPMENT_TEAM = D35DBJP2M6;
				GENERATE_INFOPLIST_FILE = YES;
				INFOPLIST_FILE = Netflixify/Info.plist;
				INFOPLIST_KEY_UIApplicationSupportsIndirectInputEvents = YES;
				INFOPLIST_KEY_UILaunchStoryboardName = LaunchScreen;
				INFOPLIST_KEY_UISupportedInterfaceOrientations_iPad = "UIInterfaceOrientationPortrait UIInterfaceOrientationPortraitUpsideDown UIInterfaceOrientationLandscapeLeft UIInterfaceOrientationLandscapeRight";
				INFOPLIST_KEY_UISupportedInterfaceOrientations_iPhone = "UIInterfaceOrientationPortrait UIInterfaceOrientationLandscapeLeft UIInterfaceOrientationLandscapeRight";
				LD_RUNPATH_SEARCH_PATHS = (
					"$(inherited)",
					"@executable_path/Frameworks",
				);
				MARKETING_VERSION = 1.0;
				PRODUCT_BUNDLE_IDENTIFIER = com.Nwachuks.Netflixify;
				PRODUCT_NAME = "$(TARGET_NAME)";
				SWIFT_EMIT_LOC_STRINGS = YES;
				SWIFT_VERSION = 5.0;
				TARGETED_DEVICE_FAMILY = 1;
			};
			name = Release;
		};
		B056C207283CCD3C00E3E4C6 /* Debug */ = {
			isa = XCBuildConfiguration;
			buildSettings = {
				ALWAYS_EMBED_SWIFT_STANDARD_LIBRARIES = YES;
				BUNDLE_LOADER = "$(TEST_HOST)";
				CODE_SIGN_STYLE = Automatic;
				CURRENT_PROJECT_VERSION = 1;
				DEVELOPMENT_TEAM = D35DBJP2M6;
				GENERATE_INFOPLIST_FILE = YES;
				IPHONEOS_DEPLOYMENT_TARGET = 15.5;
				MARKETING_VERSION = 1.0;
				PRODUCT_BUNDLE_IDENTIFIER = com.Nwachuks.NetflixifyTests;
				PRODUCT_NAME = "$(TARGET_NAME)";
				SWIFT_EMIT_LOC_STRINGS = NO;
				SWIFT_VERSION = 5.0;
				TARGETED_DEVICE_FAMILY = "1,2";
				TEST_HOST = "$(BUILT_PRODUCTS_DIR)/Netflixify.app/Netflixify";
			};
			name = Debug;
		};
		B056C208283CCD3C00E3E4C6 /* Release */ = {
			isa = XCBuildConfiguration;
			buildSettings = {
				ALWAYS_EMBED_SWIFT_STANDARD_LIBRARIES = YES;
				BUNDLE_LOADER = "$(TEST_HOST)";
				CODE_SIGN_STYLE = Automatic;
				CURRENT_PROJECT_VERSION = 1;
				DEVELOPMENT_TEAM = D35DBJP2M6;
				GENERATE_INFOPLIST_FILE = YES;
				IPHONEOS_DEPLOYMENT_TARGET = 15.5;
				MARKETING_VERSION = 1.0;
				PRODUCT_BUNDLE_IDENTIFIER = com.Nwachuks.NetflixifyTests;
				PRODUCT_NAME = "$(TARGET_NAME)";
				SWIFT_EMIT_LOC_STRINGS = NO;
				SWIFT_VERSION = 5.0;
				TARGETED_DEVICE_FAMILY = "1,2";
				TEST_HOST = "$(BUILT_PRODUCTS_DIR)/Netflixify.app/Netflixify";
			};
			name = Release;
		};
		B056C20A283CCD3C00E3E4C6 /* Debug */ = {
			isa = XCBuildConfiguration;
			buildSettings = {
				ALWAYS_EMBED_SWIFT_STANDARD_LIBRARIES = YES;
				CODE_SIGN_STYLE = Automatic;
				CURRENT_PROJECT_VERSION = 1;
				DEVELOPMENT_TEAM = D35DBJP2M6;
				GENERATE_INFOPLIST_FILE = YES;
				MARKETING_VERSION = 1.0;
				PRODUCT_BUNDLE_IDENTIFIER = com.Nwachuks.NetflixifyUITests;
				PRODUCT_NAME = "$(TARGET_NAME)";
				SWIFT_EMIT_LOC_STRINGS = NO;
				SWIFT_VERSION = 5.0;
				TARGETED_DEVICE_FAMILY = "1,2";
				TEST_TARGET_NAME = Netflixify;
			};
			name = Debug;
		};
		B056C20B283CCD3C00E3E4C6 /* Release */ = {
			isa = XCBuildConfiguration;
			buildSettings = {
				ALWAYS_EMBED_SWIFT_STANDARD_LIBRARIES = YES;
				CODE_SIGN_STYLE = Automatic;
				CURRENT_PROJECT_VERSION = 1;
				DEVELOPMENT_TEAM = D35DBJP2M6;
				GENERATE_INFOPLIST_FILE = YES;
				MARKETING_VERSION = 1.0;
				PRODUCT_BUNDLE_IDENTIFIER = com.Nwachuks.NetflixifyUITests;
				PRODUCT_NAME = "$(TARGET_NAME)";
				SWIFT_EMIT_LOC_STRINGS = NO;
				SWIFT_VERSION = 5.0;
				TARGETED_DEVICE_FAMILY = "1,2";
				TEST_TARGET_NAME = Netflixify;
			};
			name = Release;
		};
/* End XCBuildConfiguration section */

/* Begin XCConfigurationList section */
		B056C1D4283CCD3B00E3E4C6 /* Build configuration list for PBXProject "Netflixify" */ = {
			isa = XCConfigurationList;
			buildConfigurations = (
				B056C201283CCD3C00E3E4C6 /* Debug */,
				B056C202283CCD3C00E3E4C6 /* Release */,
			);
			defaultConfigurationIsVisible = 0;
			defaultConfigurationName = Release;
		};
		B056C203283CCD3C00E3E4C6 /* Build configuration list for PBXNativeTarget "Netflixify" */ = {
			isa = XCConfigurationList;
			buildConfigurations = (
				B056C204283CCD3C00E3E4C6 /* Debug */,
				B056C205283CCD3C00E3E4C6 /* Release */,
			);
			defaultConfigurationIsVisible = 0;
			defaultConfigurationName = Release;
		};
		B056C206283CCD3C00E3E4C6 /* Build configuration list for PBXNativeTarget "NetflixifyTests" */ = {
			isa = XCConfigurationList;
			buildConfigurations = (
				B056C207283CCD3C00E3E4C6 /* Debug */,
				B056C208283CCD3C00E3E4C6 /* Release */,
			);
			defaultConfigurationIsVisible = 0;
			defaultConfigurationName = Release;
		};
		B056C209283CCD3C00E3E4C6 /* Build configuration list for PBXNativeTarget "NetflixifyUITests" */ = {
			isa = XCConfigurationList;
			buildConfigurations = (
				B056C20A283CCD3C00E3E4C6 /* Debug */,
				B056C20B283CCD3C00E3E4C6 /* Release */,
			);
			defaultConfigurationIsVisible = 0;
			defaultConfigurationName = Release;
		};
/* End XCConfigurationList section */

/* Begin XCRemoteSwiftPackageReference section */
		B038D519287C727E005072C3 /* XCRemoteSwiftPackageReference "SDWebImage" */ = {
			isa = XCRemoteSwiftPackageReference;
			repositoryURL = "https://github.com/SDWebImage/SDWebImage.git";
			requirement = {
				branch = master;
				kind = branch;
			};
		};
/* End XCRemoteSwiftPackageReference section */

/* Begin XCSwiftPackageProductDependency section */
		B038D51A287C727E005072C3 /* SDWebImage */ = {
			isa = XCSwiftPackageProductDependency;
			package = B038D519287C727E005072C3 /* XCRemoteSwiftPackageReference "SDWebImage" */;
			productName = SDWebImage;
		};
		B038D51C287C727E005072C3 /* SDWebImageMapKit */ = {
			isa = XCSwiftPackageProductDependency;
			package = B038D519287C727E005072C3 /* XCRemoteSwiftPackageReference "SDWebImage" */;
			productName = SDWebImageMapKit;
		};
/* End XCSwiftPackageProductDependency section */
	};
	rootObject = B056C1D1283CCD3B00E3E4C6 /* Project object */;
}
